
Microsoft Visual Studio Solution File, Format Version 12.00
# Visual Studio Version 17
VisualStudioVersion = 17.3.32519.111
MinimumVisualStudioVersion = 10.0.40219.1
Project("{9A19103F-16F7-4668-BE54-9A1E7A4F7556}") = "Chat.Hub", "Chat.Hub\Chat.Hub.csproj", "{73D76596-94E1-4315-A005-02BABA412F39}"
EndProject
Project("{9A19103F-16F7-4668-BE54-9A1E7A4F7556}") = "Chat.Blazor", "Chat.Blazor\Chat.Blazor.csproj", "{D5CFCA9A-3956-4AE7-8C56-CEE129DE2327}"
EndProject
Project("{9A19103F-16F7-4668-BE54-9A1E7A4F7556}") = "Chat.Mobile", "Chat.Mobile\Chat.Mobile.csproj", "{6811E2CA-B50D-4C92-A53E-1F36C4D44747}"
EndProject
Project("{9A19103F-16F7-4668-BE54-9A1E7A4F7556}") = "Chat.Core", "Chat.Core\Chat.Core.csproj", "{59547EE8-464C-4AE5-832E-C9004CB5621C}"
EndProject
Project("{FAE04EC0-301F-11D3-BF4B-00C04F79EFBC}") = "Chat.Test", "Chat.Test\Chat.Test.csproj", "{1C49B7E0-7BF1-451F-B30B-31BBD94F50A5}"
EndProject
Project("{FAE04EC0-301F-11D3-BF4B-00C04F79EFBC}") = "Chat.UITest", "Chat.UITest\Chat.UITest.csproj", "{C0F4C3D7-D42E-404F-906B-6BCEE6CBFD55}"
EndProject
Global
	GlobalSection(SolutionConfigurationPlatforms) = preSolution
		Debug|Any CPU = Debug|Any CPU
		Release|Any CPU = Release|Any CPU
	EndGlobalSection
	GlobalSection(ProjectConfigurationPlatforms) = postSolution
		{73D76596-94E1-4315-A005-02BABA412F39}.Debug|Any CPU.ActiveCfg = Debug|Any CPU
		{73D76596-94E1-4315-A005-02BABA412F39}.Debug|Any CPU.Build.0 = Debug|Any CPU
		{73D76596-94E1-4315-A005-02BABA412F39}.Release|Any CPU.ActiveCfg = Release|Any CPU
		{73D76596-94E1-4315-A005-02BABA412F39}.Release|Any CPU.Build.0 = Release|Any CPU
		{D5CFCA9A-3956-4AE7-8C56-CEE129DE2327}.Debug|Any CPU.ActiveCfg = Debug|Any CPU
		{D5CFCA9A-3956-4AE7-8C56-CEE129DE2327}.Debug|Any CPU.Build.0 = Debug|Any CPU
		{D5CFCA9A-3956-4AE7-8C56-CEE129DE2327}.Release|Any CPU.ActiveCfg = Release|Any CPU
		{D5CFCA9A-3956-4AE7-8C56-CEE129DE2327}.Release|Any CPU.Build.0 = Release|Any CPU
		{6811E2CA-B50D-4C92-A53E-1F36C4D44747}.Debug|Any CPU.ActiveCfg = Debug|Any CPU
		{6811E2CA-B50D-4C92-A53E-1F36C4D44747}.Debug|Any CPU.Build.0 = Debug|Any CPU
		{6811E2CA-B50D-4C92-A53E-1F36C4D44747}.Debug|Any CPU.Deploy.0 = Debug|Any CPU
		{6811E2CA-B50D-4C92-A53E-1F36C4D44747}.Release|Any CPU.ActiveCfg = Release|Any CPU
		{6811E2CA-B50D-4C92-A53E-1F36C4D44747}.Release|Any CPU.Build.0 = Release|Any CPU
		{6811E2CA-B50D-4C92-A53E-1F36C4D44747}.Release|Any CPU.Deploy.0 = Release|Any CPU
		{59547EE8-464C-4AE5-832E-C9004CB5621C}.Debug|Any CPU.ActiveCfg = Debug|Any CPU
		{59547EE8-464C-4AE5-832E-C9004CB5621C}.Debug|Any CPU.Build.0 = Debug|Any CPU
		{59547EE8-464C-4AE5-832E-C9004CB5621C}.Release|Any CPU.ActiveCfg = Release|Any CPU
		{59547EE8-464C-4AE5-832E-C9004CB5621C}.Release|Any CPU.Build.0 = Release|Any CPU
		{1C49B7E0-7BF1-451F-B30B-31BBD94F50A5}.Debug|Any CPU.ActiveCfg = Debug|Any CPU
		{1C49B7E0-7BF1-451F-B30B-31BBD94F50A5}.Debug|Any CPU.Build.0 = Debug|Any CPU
		{1C49B7E0-7BF1-451F-B30B-31BBD94F50A5}.Release|Any CPU.ActiveCfg = Release|Any CPU
		{1C49B7E0-7BF1-451F-B30B-31BBD94F50A5}.Release|Any CPU.Build.0 = Release|Any CPU
		{C0F4C3D7-D42E-404F-906B-6BCEE6CBFD55}.Debug|Any CPU.ActiveCfg = Debug|Any CPU
		{C0F4C3D7-D42E-404F-906B-6BCEE6CBFD55}.Debug|Any CPU.Build.0 = Debug|Any CPU
		{C0F4C3D7-D42E-404F-906B-6BCEE6CBFD55}.Release|Any CPU.ActiveCfg = Release|Any CPU
		{C0F4C3D7-D42E-404F-906B-6BCEE6CBFD55}.Release|Any CPU.Build.0 = Release|Any CPU
	EndGlobalSection
	GlobalSection(SolutionProperties) = preSolution
		HideSolutionNode = FALSE
	EndGlobalSection
	GlobalSection(ExtensibilityGlobals) = postSolution
		SolutionGuid = {06966B73-D4B0-461D-88CD-FA467239BC80}
	EndGlobalSection
EndGlobal
