
Microsoft Visual Studio Solution File, Format Version 12.00
# Visual Studio Version 17
VisualStudioVersion = 17.3.32519.111
MinimumVisualStudioVersion = 10.0.40219.1
Project("{9A19103F-16F7-4668-BE54-9A1E7A4F7556}") = "Chat.Hub", "Chat.Hub\Chat.Hub.csproj", "{73D76596-94E1-4315-A005-02BABA412F39}"
EndProject
Project("{9A19103F-16F7-4668-BE54-9A1E7A4F7556}") = "Chat.Blazor", "Chat.Blazor\Chat.Blazor.csproj", "{D5CFCA9A-3956-4AE7-8C56-CEE129DE2327}"
EndProject
Project("{9A19103F-16F7-4668-BE54-9A1E7A4F7556}") = "Chat.Core", "Chat.Core\Chat.Core.csproj", "{20621F98-BB23-4B68-BED3-DC4DF75087CB}"
EndProject
Global
	GlobalSection(SolutionConfigurationPlatforms) = preSolution
		Debug|Any CPU = Debug|Any CPU
		Release|Any CPU = Release|Any CPU
	EndGlobalSection
	GlobalSection(ProjectConfigurationPlatforms) = postSolution
		{73D76596-94E1-4315-A005-02BABA412F39}.Debug|Any CPU.ActiveCfg = Debug|Any CPU
		{73D76596-94E1-4315-A005-02BABA412F39}.Debug|Any CPU.Build.0 = Debug|Any CPU
		{73D76596-94E1-4315-A005-02BABA412F39}.Release|Any CPU.ActiveCfg = Release|Any CPU
		{73D76596-94E1-4315-A005-02BABA412F39}.Release|Any CPU.Build.0 = Release|Any CPU
		{D5CFCA9A-3956-4AE7-8C56-CEE129DE2327}.Debug|Any CPU.ActiveCfg = Debug|Any CPU
		{D5CFCA9A-3956-4AE7-8C56-CEE129DE2327}.Debug|Any CPU.Build.0 = Debug|Any CPU
		{D5CFCA9A-3956-4AE7-8C56-CEE129DE2327}.Release|Any CPU.ActiveCfg = Release|Any CPU
		{D5CFCA9A-3956-4AE7-8C56-CEE129DE2327}.Release|Any CPU.Build.0 = Release|Any CPU
		{20621F98-BB23-4B68-BED3-DC4DF75087CB}.Debug|Any CPU.ActiveCfg = Debug|Any CPU
		{20621F98-BB23-4B68-BED3-DC4DF75087CB}.Debug|Any CPU.Build.0 = Debug|Any CPU
		{20621F98-BB23-4B68-BED3-DC4DF75087CB}.Release|Any CPU.ActiveCfg = Release|Any CPU
		{20621F98-BB23-4B68-BED3-DC4DF75087CB}.Release|Any CPU.Build.0 = Release|Any CPU
	EndGlobalSection
	GlobalSection(SolutionProperties) = preSolution
		HideSolutionNode = FALSE
	EndGlobalSection
	GlobalSection(ExtensibilityGlobals) = postSolution
		SolutionGuid = {06966B73-D4B0-461D-88CD-FA467239BC80}
	EndGlobalSection
EndGlobal
